// !$*UTF8*$!
{
	archiveVersion = 1;
	classes = {
	};
	objectVersion = 48;
	objects = {

/* Begin PBXBuildFile section */
		1F49E379209A12A700ECAD8D /* FrogRiverOne.cpp in Sources */ = {isa = PBXBuildFile; fileRef = 1F49E378209A12A700ECAD8D /* FrogRiverOne.cpp */; };
		1F49E37B209AB16400ECAD8D /* MissingInteger.cpp in Sources */ = {isa = PBXBuildFile; fileRef = 1F49E37A209AB16400ECAD8D /* MissingInteger.cpp */; };
		1F49E37D209AB54400ECAD8D /* MaxCounters.cpp in Sources */ = {isa = PBXBuildFile; fileRef = 1F49E37C209AB54400ECAD8D /* MaxCounters.cpp */; };
/* End PBXBuildFile section */

/* Begin PBXCopyFilesBuildPhase section */
		1F57E243203172810018B319 /* CopyFiles */ = {
			isa = PBXCopyFilesBuildPhase;
			buildActionMask = 2147483647;
			dstPath = /usr/share/man/man1/;
			dstSubfolderSpec = 0;
			files = (
			);
			runOnlyForDeploymentPostprocessing = 1;
		};
/* End PBXCopyFilesBuildPhase section */

/* Begin PBXFileReference section */
		1F1CA4182031A6F7003A2025 /* Noutput.cpp */ = {isa = PBXFileReference; lastKnownFileType = sourcecode.cpp.cpp; path = Noutput.cpp; sourceTree = "<group>"; };
		1F1CA41A2031A892003A2025 /* ReverseNoutput.cpp */ = {isa = PBXFileReference; lastKnownFileType = sourcecode.cpp.cpp; path = ReverseNoutput.cpp; sourceTree = "<group>"; };
		1F1CA41C2031A936003A2025 /* GuGuDan.cpp */ = {isa = PBXFileReference; lastKnownFileType = sourcecode.cpp.cpp; path = GuGuDan.cpp; sourceTree = "<group>"; };
		1F1CA41E2031AA54003A2025 /* StarPrint.cpp */ = {isa = PBXFileReference; lastKnownFileType = sourcecode.cpp.cpp; path = StarPrint.cpp; sourceTree = "<group>"; };
		1F1CA4202031ABE5003A2025 /* StarPrint2.cpp */ = {isa = PBXFileReference; lastKnownFileType = sourcecode.cpp.cpp; path = StarPrint2.cpp; sourceTree = "<group>"; };
		1F1CA4222031ADFB003A2025 /* StarPrint3.cpp */ = {isa = PBXFileReference; lastKnownFileType = sourcecode.cpp.cpp; path = StarPrint3.cpp; sourceTree = "<group>"; };
		1F1CA4242031AF6F003A2025 /* StarPrint4.cpp */ = {isa = PBXFileReference; lastKnownFileType = sourcecode.cpp.cpp; path = StarPrint4.cpp; sourceTree = "<group>"; };
		1F1CA4262031B060003A2025 /* 2007.cpp */ = {isa = PBXFileReference; lastKnownFileType = sourcecode.cpp.cpp; path = 2007.cpp; sourceTree = "<group>"; };
		1F1CA4282031B75F003A2025 /* Sum.cpp */ = {isa = PBXFileReference; lastKnownFileType = sourcecode.cpp.cpp; path = Sum.cpp; sourceTree = "<group>"; };
		1F1CA42A2031B83C003A2025 /* SumOfNumber.cpp */ = {isa = PBXFileReference; lastKnownFileType = sourcecode.cpp.cpp; path = SumOfNumber.cpp; sourceTree = "<group>"; };
		1F1CA42C2031BB9D003A2025 /* PrintPerTen.cpp */ = {isa = PBXFileReference; lastKnownFileType = sourcecode.cpp.cpp; path = PrintPerTen.cpp; sourceTree = "<group>"; };
		1F1CA42E2031D54D003A2025 /* TestGrade.cpp */ = {isa = PBXFileReference; lastKnownFileType = sourcecode.cpp.cpp; path = TestGrade.cpp; sourceTree = "<group>"; };
		1F1CA4302031D9DB003A2025 /* SecondScore.cpp */ = {isa = PBXFileReference; lastKnownFileType = sourcecode.cpp.cpp; path = SecondScore.cpp; sourceTree = "<group>"; };
		1F1CA4332031E84C003A2025 /* NumberLessThanX.cpp */ = {isa = PBXFileReference; lastKnownFileType = sourcecode.cpp.cpp; path = NumberLessThanX.cpp; sourceTree = "<group>"; };
		1F1CA4352031F669003A2025 /* Average.cpp */ = {isa = PBXFileReference; lastKnownFileType = sourcecode.cpp.cpp; path = Average.cpp; sourceTree = "<group>"; };
		1F1CA4372031FAA5003A2025 /* AverageOver.cpp */ = {isa = PBXFileReference; lastKnownFileType = sourcecode.cpp.cpp; path = AverageOver.cpp; sourceTree = "<group>"; };
		1F1CA439203202A8003A2025 /* AddCycle.cpp */ = {isa = PBXFileReference; lastKnownFileType = sourcecode.cpp.cpp; path = AddCycle.cpp; sourceTree = "<group>"; };
		1F1CA43C2032E53F003A2025 /* SelfNumber.cpp */ = {isa = PBXFileReference; lastKnownFileType = sourcecode.cpp.cpp; path = SelfNumber.cpp; sourceTree = "<group>"; };
		1F1CA43E20340EDB003A2025 /* HanNumber.cpp */ = {isa = PBXFileReference; lastKnownFileType = sourcecode.cpp.cpp; path = HanNumber.cpp; sourceTree = "<group>"; };
		1F1CA440203418D2003A2025 /* StarPrint11.cpp */ = {isa = PBXFileReference; lastKnownFileType = sourcecode.cpp.cpp; path = StarPrint11.cpp; sourceTree = "<group>"; };
		1F206F002048088A0029BA33 /* OperatorAdd.cpp */ = {isa = PBXFileReference; lastKnownFileType = sourcecode.cpp.cpp; path = OperatorAdd.cpp; sourceTree = "<group>"; };
		1F206F022048096D0029BA33 /* Tetromino.cpp */ = {isa = PBXFileReference; lastKnownFileType = sourcecode.cpp.cpp; path = Tetromino.cpp; sourceTree = "<group>"; };
		1F23C278203D9DBF004A8825 /* CountingWord.cpp */ = {isa = PBXFileReference; lastKnownFileType = sourcecode.cpp.cpp; path = CountingWord.cpp; sourceTree = "<group>"; };
		1F28EC82204C32D60073D14B /* Basic.cpp */ = {isa = PBXFileReference; lastKnownFileType = sourcecode.cpp.cpp; path = Basic.cpp; sourceTree = "<group>"; };
		1F28EC84204C39B90073D14B /* Maze.cpp */ = {isa = PBXFileReference; lastKnownFileType = sourcecode.cpp.cpp; path = Maze.cpp; sourceTree = "<group>"; };
		1F28EC86204D37C00073D14B /* CountingCellsinaBlob.cpp */ = {isa = PBXFileReference; lastKnownFileType = sourcecode.cpp.cpp; path = CountingCellsinaBlob.cpp; sourceTree = "<group>"; };
		1F28EC88204D65D50073D14B /* Nqueens.cpp */ = {isa = PBXFileReference; lastKnownFileType = sourcecode.cpp.cpp; path = Nqueens.cpp; sourceTree = "<group>"; };
		1F28EC8E204D7C230073D14B /* PowerSet.cpp */ = {isa = PBXFileReference; lastKnownFileType = sourcecode.cpp.cpp; path = PowerSet.cpp; sourceTree = "<group>"; };
		1F28EC92204DAB890073D14B /* MergeSort.cpp */ = {isa = PBXFileReference; lastKnownFileType = sourcecode.cpp.cpp; path = MergeSort.cpp; sourceTree = "<group>"; };
		1F28EC94204E69B20073D14B /* RobotVacuum.cpp */ = {isa = PBXFileReference; lastKnownFileType = sourcecode.cpp.cpp; path = RobotVacuum.cpp; sourceTree = "<group>"; };
		1F28EC96204ECABF0073D14B /* Lab.cpp */ = {isa = PBXFileReference; lastKnownFileType = sourcecode.cpp.cpp; path = Lab.cpp; sourceTree = "<group>"; };
		1F29594E2048866200EAE57D /* NQueen.cpp */ = {isa = PBXFileReference; lastKnownFileType = sourcecode.cpp.cpp; path = NQueen.cpp; sourceTree = "<group>"; };
		1F2A6AB4207B4C6900DC275B /* MakeOne.cpp */ = {isa = PBXFileReference; lastKnownFileType = sourcecode.cpp.cpp; path = MakeOne.cpp; sourceTree = "<group>"; };
		1F2A6AB6207B5A4300DC275B /* Sticker.cpp */ = {isa = PBXFileReference; lastKnownFileType = sourcecode.cpp.cpp; path = Sticker.cpp; sourceTree = "<group>"; };
		1F2A6AB8207C931E00DC275B /* Coin2.cpp */ = {isa = PBXFileReference; lastKnownFileType = sourcecode.cpp.cpp; path = Coin2.cpp; sourceTree = "<group>"; };
		1F2A6ABB207CB1E900DC275B /* PinaryNumber.cpp */ = {isa = PBXFileReference; lastKnownFileType = sourcecode.cpp.cpp; path = PinaryNumber.cpp; sourceTree = "<group>"; };
		1F2A6ABD207CDAAA00DC275B /* Tile01.cpp */ = {isa = PBXFileReference; lastKnownFileType = sourcecode.cpp.cpp; path = Tile01.cpp; sourceTree = "<group>"; };
		1F2A6ABF207CFB1200DC275B /* Stairs.cpp */ = {isa = PBXFileReference; lastKnownFileType = sourcecode.cpp.cpp; path = Stairs.cpp; sourceTree = "<group>"; };
		1F2A6AC2207D993B00DC275B /* Tetromino.cpp */ = {isa = PBXFileReference; lastKnownFileType = sourcecode.cpp.cpp; path = Tetromino.cpp; sourceTree = "<group>"; };
		1F2A6AC4207DD62500DC275B /* EscapeFromZero.cpp */ = {isa = PBXFileReference; lastKnownFileType = sourcecode.cpp.cpp; path = EscapeFromZero.cpp; sourceTree = "<group>"; };
		1F3125032052628000B4EFD2 /* Gear.cpp */ = {isa = PBXFileReference; lastKnownFileType = sourcecode.cpp.cpp; path = Gear.cpp; sourceTree = "<group>"; };
		1F3125052052928800B4EFD2 /* Downhill.cpp */ = {isa = PBXFileReference; lastKnownFileType = sourcecode.cpp.cpp; path = Downhill.cpp; sourceTree = "<group>"; };
		1F3125082052D73600B4EFD2 /* Fib.cpp */ = {isa = PBXFileReference; lastKnownFileType = sourcecode.cpp.cpp; path = Fib.cpp; sourceTree = "<group>"; };
		1F31250A2052D83F00B4EFD2 /* Binomial.cpp */ = {isa = PBXFileReference; lastKnownFileType = sourcecode.cpp.cpp; path = Binomial.cpp; sourceTree = "<group>"; };
		1F31250C2052F09B00B4EFD2 /* MatrixPath.cpp */ = {isa = PBXFileReference; lastKnownFileType = sourcecode.cpp.cpp; path = MatrixPath.cpp; sourceTree = "<group>"; };
		1F31251020537CEA00B4EFD2 /* LCS.cpp */ = {isa = PBXFileReference; lastKnownFileType = sourcecode.cpp.cpp; path = LCS.cpp; sourceTree = "<group>"; };
		1F352E92206B614800050A03 /* EscapeFromZero.cpp */ = {isa = PBXFileReference; lastKnownFileType = sourcecode.cpp.cpp; path = EscapeFromZero.cpp; sourceTree = "<group>"; };
		1F49E361209841E800ECAD8D /* stringPratice.cpp */ = {isa = PBXFileReference; lastKnownFileType = sourcecode.cpp.cpp; path = stringPratice.cpp; sourceTree = "<group>"; };
		1F49E36420984E6B00ECAD8D /* SaveHumanity.cpp */ = {isa = PBXFileReference; lastKnownFileType = sourcecode.cpp.cpp; path = SaveHumanity.cpp; sourceTree = "<group>"; };
		1F49E367209994D600ECAD8D /* BinaryGap.cpp */ = {isa = PBXFileReference; lastKnownFileType = sourcecode.cpp.cpp; path = BinaryGap.cpp; sourceTree = "<group>"; };
		1F49E3692099978300ECAD8D /* CyclicRotation.cpp */ = {isa = PBXFileReference; lastKnownFileType = sourcecode.cpp.cpp; path = CyclicRotation.cpp; sourceTree = "<group>"; };
		1F49E36B20999B1B00ECAD8D /* OddOccurrencesInArray.cpp */ = {isa = PBXFileReference; lastKnownFileType = sourcecode.cpp.cpp; path = OddOccurrencesInArray.cpp; sourceTree = "<group>"; };
		1F49E36E2099A48300ECAD8D /* PermMissingElem.cpp */ = {isa = PBXFileReference; lastKnownFileType = sourcecode.cpp.cpp; path = PermMissingElem.cpp; sourceTree = "<group>"; };
		1F49E3702099AAB700ECAD8D /* FrogJump.cpp */ = {isa = PBXFileReference; lastKnownFileType = sourcecode.cpp.cpp; path = FrogJump.cpp; sourceTree = "<group>"; };
		1F49E3722099B8A600ECAD8D /* TapeEquilibrium.cpp */ = {isa = PBXFileReference; lastKnownFileType = sourcecode.cpp.cpp; path = TapeEquilibrium.cpp; sourceTree = "<group>"; };
		1F49E376209A0FA100ECAD8D /* PermCheck.cpp */ = {isa = PBXFileReference; lastKnownFileType = sourcecode.cpp.cpp; path = PermCheck.cpp; sourceTree = "<group>"; };
		1F49E378209A12A700ECAD8D /* FrogRiverOne.cpp */ = {isa = PBXFileReference; lastKnownFileType = sourcecode.cpp.cpp; path = FrogRiverOne.cpp; sourceTree = "<group>"; };
		1F49E37A209AB16400ECAD8D /* MissingInteger.cpp */ = {isa = PBXFileReference; lastKnownFileType = sourcecode.cpp.cpp; path = MissingInteger.cpp; sourceTree = "<group>"; };
		1F49E37C209AB54400ECAD8D /* MaxCounters.cpp */ = {isa = PBXFileReference; lastKnownFileType = sourcecode.cpp.cpp; path = MaxCounters.cpp; sourceTree = "<group>"; };
		1F56D8E1207F2ED9003CA426 /* Snake.cpp */ = {isa = PBXFileReference; lastKnownFileType = sourcecode.cpp.cpp; path = Snake.cpp; sourceTree = "<group>"; };
		1F57E245203172810018B319 /* CodingPratice */ = {isa = PBXFileReference; explicitFileType = "compiled.mach-o.executable"; includeInIndex = 0; path = CodingPratice; sourceTree = BUILT_PRODUCTS_DIR; };
		1F57E248203172810018B319 /* Helloworld.cpp */ = {isa = PBXFileReference; lastKnownFileType = sourcecode.cpp.cpp; path = Helloworld.cpp; sourceTree = "<group>"; };
		1F57E250203173CC0018B319 /* A+B.cpp */ = {isa = PBXFileReference; lastKnownFileType = sourcecode.cpp.cpp; path = "A+B.cpp"; sourceTree = "<group>"; };
		1F57E253203175770018B319 /* A-B.cpp */ = {isa = PBXFileReference; lastKnownFileType = sourcecode.cpp.cpp; path = "A-B.cpp"; sourceTree = "<group>"; };
		1F57E255203176A00018B319 /* Registration.cpp */ = {isa = PBXFileReference; lastKnownFileType = sourcecode.cpp.cpp; path = Registration.cpp; sourceTree = "<group>"; };
		1F57E257203177640018B319 /* Dog.cpp */ = {isa = PBXFileReference; lastKnownFileType = sourcecode.cpp.cpp; path = Dog.cpp; sourceTree = "<group>"; };
		1F57E259203178A30018B319 /* WeLoveKriii.cpp */ = {isa = PBXFileReference; lastKnownFileType = sourcecode.cpp.cpp; path = WeLoveKriii.cpp; sourceTree = "<group>"; };
		1F57E25B203179510018B319 /* OutputSame.cpp */ = {isa = PBXFileReference; lastKnownFileType = sourcecode.cpp.cpp; path = OutputSame.cpp; sourceTree = "<group>"; };
		1F57E260203183B50018B319 /* A*B.cpp */ = {isa = PBXFileReference; lastKnownFileType = sourcecode.cpp.cpp; path = "A*B.cpp"; sourceTree = "<group>"; };
		1F57E262203185430018B319 /* ArithmeticOperation.cpp */ = {isa = PBXFileReference; lastKnownFileType = sourcecode.cpp.cpp; path = ArithmeticOperation.cpp; sourceTree = "<group>"; };
		1F57E264203186020018B319 /* Remainder.cpp */ = {isa = PBXFileReference; lastKnownFileType = sourcecode.cpp.cpp; path = Remainder.cpp; sourceTree = "<group>"; };
		1F57E266203186E00018B319 /* A+BNewLine.cpp */ = {isa = PBXFileReference; lastKnownFileType = sourcecode.cpp.cpp; path = "A+BNewLine.cpp"; sourceTree = "<group>"; };
		1F57E269203188B10018B319 /* SugarDelivery.cpp */ = {isa = PBXFileReference; lastKnownFileType = sourcecode.cpp.cpp; path = SugarDelivery.cpp; sourceTree = "<group>"; };
		1F5E3632208220F000262F95 /* NandM1.cpp */ = {isa = PBXFileReference; lastKnownFileType = sourcecode.cpp.cpp; path = NandM1.cpp; sourceTree = "<group>"; };
		1F5E363420822CE200262F95 /* NandM2.cpp */ = {isa = PBXFileReference; lastKnownFileType = sourcecode.cpp.cpp; path = NandM2.cpp; sourceTree = "<group>"; };
		1F5E36362082450300262F95 /* Screenfilm.cpp */ = {isa = PBXFileReference; lastKnownFileType = sourcecode.cpp.cpp; path = Screenfilm.cpp; sourceTree = "<group>"; };
		1F64599F2062B02500030EBF /* Aramp.cpp */ = {isa = PBXFileReference; lastKnownFileType = sourcecode.cpp.cpp; path = Aramp.cpp; sourceTree = "<group>"; };
		1F6459A12062B26C00030EBF /* 2048.cpp */ = {isa = PBXFileReference; lastKnownFileType = sourcecode.cpp.cpp; path = 2048.cpp; sourceTree = "<group>"; };
		1F9E20A5207F63D5007C282B /* permutation.cpp */ = {isa = PBXFileReference; lastKnownFileType = sourcecode.cpp.cpp; path = permutation.cpp; sourceTree = "<group>"; };
		1F9E20A8207FACB8007C282B /* Operator.cpp */ = {isa = PBXFileReference; lastKnownFileType = sourcecode.cpp.cpp; path = Operator.cpp; sourceTree = "<group>"; };
		1F9E20AB207FB0F9007C282B /* numberWrite1.cpp */ = {isa = PBXFileReference; lastKnownFileType = sourcecode.cpp.cpp; path = numberWrite1.cpp; sourceTree = "<group>"; };
		1F9E20AD207FB299007C282B /* Add123.cpp */ = {isa = PBXFileReference; lastKnownFileType = sourcecode.cpp.cpp; path = Add123.cpp; sourceTree = "<group>"; };
		1F9E20AF207FB4C7007C282B /* maxDiff.cpp */ = {isa = PBXFileReference; lastKnownFileType = sourcecode.cpp.cpp; path = maxDiff.cpp; sourceTree = "<group>"; };
		1F9E20B120807FB5007C282B /* SupervisorOfexam.cpp */ = {isa = PBXFileReference; lastKnownFileType = sourcecode.cpp.cpp; path = SupervisorOfexam.cpp; sourceTree = "<group>"; };
		1F9E20B320808442007C282B /* rollTheDice.cpp */ = {isa = PBXFileReference; lastKnownFileType = sourcecode.cpp.cpp; path = rollTheDice.cpp; sourceTree = "<group>"; };
		1F9E20B62080F9D3007C282B /* Tomato1.cpp */ = {isa = PBXFileReference; lastKnownFileType = sourcecode.cpp.cpp; path = Tomato1.cpp; sourceTree = "<group>"; };
		1FFC4FDA2050002C008EEA4A /* Resignation.cpp */ = {isa = PBXFileReference; lastKnownFileType = sourcecode.cpp.cpp; path = Resignation.cpp; sourceTree = "<group>"; };
		1FFC4FDD205173E5008EEA4A /* DFS_BFS.cpp */ = {isa = PBXFileReference; lastKnownFileType = sourcecode.cpp.cpp; path = DFS_BFS.cpp; sourceTree = "<group>"; };
/* End PBXFileReference section */

/* Begin PBXFrameworksBuildPhase section */
		1F57E242203172810018B319 /* Frameworks */ = {
			isa = PBXFrameworksBuildPhase;
			buildActionMask = 2147483647;
			files = (
			);
			runOnlyForDeploymentPostprocessing = 0;
		};
/* End PBXFrameworksBuildPhase section */

/* Begin PBXGroup section */
		1F1CA4172031A6C9003A2025 /* ForStatement */ = {
			isa = PBXGroup;
			children = (
				1F1CA4182031A6F7003A2025 /* Noutput.cpp */,
				1F1CA41A2031A892003A2025 /* ReverseNoutput.cpp */,
				1F1CA41C2031A936003A2025 /* GuGuDan.cpp */,
				1F1CA41E2031AA54003A2025 /* StarPrint.cpp */,
				1F1CA4202031ABE5003A2025 /* StarPrint2.cpp */,
				1F1CA4222031ADFB003A2025 /* StarPrint3.cpp */,
				1F1CA4242031AF6F003A2025 /* StarPrint4.cpp */,
				1F1CA4262031B060003A2025 /* 2007.cpp */,
				1F1CA4282031B75F003A2025 /* Sum.cpp */,
				1F1CA42A2031B83C003A2025 /* SumOfNumber.cpp */,
				1F1CA42C2031BB9D003A2025 /* PrintPerTen.cpp */,
			);
			path = ForStatement;
			sourceTree = "<group>";
		};
		1F1CA4322031E7EC003A2025 /* IFStatement */ = {
			isa = PBXGroup;
			children = (
				1F1CA42E2031D54D003A2025 /* TestGrade.cpp */,
				1F1CA4302031D9DB003A2025 /* SecondScore.cpp */,
				1F1CA4332031E84C003A2025 /* NumberLessThanX.cpp */,
				1F1CA4352031F669003A2025 /* Average.cpp */,
				1F1CA4372031FAA5003A2025 /* AverageOver.cpp */,
				1F1CA439203202A8003A2025 /* AddCycle.cpp */,
			);
			path = IFStatement;
			sourceTree = "<group>";
		};
		1F1CA43B2032E523003A2025 /* UsingFunction */ = {
			isa = PBXGroup;
			children = (
				1F1CA43C2032E53F003A2025 /* SelfNumber.cpp */,
				1F1CA43E20340EDB003A2025 /* HanNumber.cpp */,
				1F1CA440203418D2003A2025 /* StarPrint11.cpp */,
			);
			path = UsingFunction;
			sourceTree = "<group>";
		};
		1F206EFF204808790029BA33 /* Samsung */ = {
			isa = PBXGroup;
			children = (
				1F206F002048088A0029BA33 /* OperatorAdd.cpp */,
				1F206F022048096D0029BA33 /* Tetromino.cpp */,
				1F29594E2048866200EAE57D /* NQueen.cpp */,
				1F28EC94204E69B20073D14B /* RobotVacuum.cpp */,
				1F28EC96204ECABF0073D14B /* Lab.cpp */,
				1FFC4FDA2050002C008EEA4A /* Resignation.cpp */,
				1F3125032052628000B4EFD2 /* Gear.cpp */,
				1F3125052052928800B4EFD2 /* Downhill.cpp */,
				1F64599F2062B02500030EBF /* Aramp.cpp */,
				1F6459A12062B26C00030EBF /* 2048.cpp */,
				1F352E92206B614800050A03 /* EscapeFromZero.cpp */,
				1F56D8E1207F2ED9003CA426 /* Snake.cpp */,
				1F9E20A5207F63D5007C282B /* permutation.cpp */,
				1F9E20B120807FB5007C282B /* SupervisorOfexam.cpp */,
				1F9E20B320808442007C282B /* rollTheDice.cpp */,
				1F5E3632208220F000262F95 /* NandM1.cpp */,
				1F5E363420822CE200262F95 /* NandM2.cpp */,
				1F5E36362082450300262F95 /* Screenfilm.cpp */,
			);
			path = Samsung;
			sourceTree = "<group>";
		};
		1F23C277203D9DA0004A8825 /* 1차원배열사용하기 */ = {
			isa = PBXGroup;
			children = (
				1F23C278203D9DBF004A8825 /* CountingWord.cpp */,
			);
			name = "1차원배열사용하기";
			path = "1차원배열사용하기";
			sourceTree = "<group>";
		};
		1F28EC81204C28130073D14B /* Inflearn */ = {
			isa = PBXGroup;
			children = (
				1F3125072052D72400B4EFD2 /* DynamicProgramming */,
				1FFC4FDC20505818008EEA4A /* Graph */,
				1F28EC91204D93270073D14B /* Sort */,
				1F28EC90204D931E0073D14B /* Recursion */,
				1F28EC82204C32D60073D14B /* Basic.cpp */,
			);
			path = Inflearn;
			sourceTree = "<group>";
		};
		1F28EC90204D931E0073D14B /* Recursion */ = {
			isa = PBXGroup;
			children = (
				1F28EC84204C39B90073D14B /* Maze.cpp */,
				1F28EC86204D37C00073D14B /* CountingCellsinaBlob.cpp */,
				1F28EC88204D65D50073D14B /* Nqueens.cpp */,
				1F28EC8E204D7C230073D14B /* PowerSet.cpp */,
				1F2A6AB4207B4C6900DC275B /* MakeOne.cpp */,
			);
			path = Recursion;
			sourceTree = "<group>";
		};
		1F28EC91204D93270073D14B /* Sort */ = {
			isa = PBXGroup;
			children = (
				1F28EC92204DAB890073D14B /* MergeSort.cpp */,
			);
			path = Sort;
			sourceTree = "<group>";
		};
		1F2A6ABA207CB16B00DC275B /* DynamicProgramming */ = {
			isa = PBXGroup;
			children = (
				1F2A6AB6207B5A4300DC275B /* Sticker.cpp */,
				1F2A6AB8207C931E00DC275B /* Coin2.cpp */,
				1F2A6ABB207CB1E900DC275B /* PinaryNumber.cpp */,
				1F2A6ABD207CDAAA00DC275B /* Tile01.cpp */,
				1F2A6ABF207CFB1200DC275B /* Stairs.cpp */,
			);
			path = DynamicProgramming;
			sourceTree = "<group>";
		};
		1F2A6AC1207D945C00DC275B /* Review */ = {
			isa = PBXGroup;
			children = (
				1F2A6AC2207D993B00DC275B /* Tetromino.cpp */,
				1F2A6AC4207DD62500DC275B /* EscapeFromZero.cpp */,
				1F9E20A8207FACB8007C282B /* Operator.cpp */,
			);
			path = Review;
			sourceTree = "<group>";
		};
		1F3125072052D72400B4EFD2 /* DynamicProgramming */ = {
			isa = PBXGroup;
			children = (
				1F3125082052D73600B4EFD2 /* Fib.cpp */,
				1F31250A2052D83F00B4EFD2 /* Binomial.cpp */,
				1F31250C2052F09B00B4EFD2 /* MatrixPath.cpp */,
				1F31251020537CEA00B4EFD2 /* LCS.cpp */,
			);
			path = DynamicProgramming;
			sourceTree = "<group>";
		};
		1F49E360209841AA00ECAD8D /* stringPractice */ = {
			isa = PBXGroup;
			children = (
				1F49E361209841E800ECAD8D /* stringPratice.cpp */,
			);
			path = stringPractice;
			sourceTree = "<group>";
		};
		1F49E36320984E5200ECAD8D /* hackerRank */ = {
			isa = PBXGroup;
			children = (
				1F49E36420984E6B00ECAD8D /* SaveHumanity.cpp */,
			);
			path = hackerRank;
			sourceTree = "<group>";
		};
		1F49E366209994B400ECAD8D /* Codility */ = {
			isa = PBXGroup;
			children = (
				1F49E367209994D600ECAD8D /* BinaryGap.cpp */,
				1F49E3692099978300ECAD8D /* CyclicRotation.cpp */,
				1F49E36B20999B1B00ECAD8D /* OddOccurrencesInArray.cpp */,
				1F49E36E2099A48300ECAD8D /* PermMissingElem.cpp */,
				1F49E3702099AAB700ECAD8D /* FrogJump.cpp */,
				1F49E3722099B8A600ECAD8D /* TapeEquilibrium.cpp */,
				1F49E376209A0FA100ECAD8D /* PermCheck.cpp */,
				1F49E378209A12A700ECAD8D /* FrogRiverOne.cpp */,
				1F49E37A209AB16400ECAD8D /* MissingInteger.cpp */,
				1F49E37C209AB54400ECAD8D /* MaxCounters.cpp */,
			);
			path = Codility;
			sourceTree = "<group>";
		};
		1F57E23C203172810018B319 = {
			isa = PBXGroup;
			children = (
				1F57E247203172810018B319 /* CodingPratice */,
				1F57E246203172810018B319 /* Products */,
			);
			sourceTree = "<group>";
		};
		1F57E246203172810018B319 /* Products */ = {
			isa = PBXGroup;
			children = (
				1F57E245203172810018B319 /* CodingPratice */,
			);
			name = Products;
			sourceTree = "<group>";
		};
		1F57E247203172810018B319 /* CodingPratice */ = {
			isa = PBXGroup;
			children = (
				1F49E366209994B400ECAD8D /* Codility */,
				1F49E36320984E5200ECAD8D /* hackerRank */,
				1F49E360209841AA00ECAD8D /* stringPractice */,
				1F9E20B52080F91C007C282B /* DFSorBFS */,
				1F9E20AA207FB0C1007C282B /* Bruteforce */,
				1F2A6AC1207D945C00DC275B /* Review */,
				1F2A6ABA207CB16B00DC275B /* DynamicProgramming */,
				1F28EC81204C28130073D14B /* Inflearn */,
				1F206EFF204808790029BA33 /* Samsung */,
				1F23C277203D9DA0004A8825 /* 1차원배열사용하기 */,
				1F1CA43B2032E523003A2025 /* UsingFunction */,
				1F1CA4322031E7EC003A2025 /* IFStatement */,
				1F1CA4172031A6C9003A2025 /* ForStatement */,
				1F57E25F203183A00018B319 /* 사칙연산 */,
				1F57E24F2031738D0018B319 /* 입출력받아오기 */,
			);
			path = CodingPratice;
			sourceTree = "<group>";
		};
		1F57E24F2031738D0018B319 /* 입출력받아오기 */ = {
			isa = PBXGroup;
			children = (
				1F57E248203172810018B319 /* Helloworld.cpp */,
				1F57E250203173CC0018B319 /* A+B.cpp */,
				1F57E253203175770018B319 /* A-B.cpp */,
				1F57E255203176A00018B319 /* Registration.cpp */,
				1F57E257203177640018B319 /* Dog.cpp */,
				1F57E259203178A30018B319 /* WeLoveKriii.cpp */,
				1F57E25B203179510018B319 /* OutputSame.cpp */,
			);
			name = "입출력받아오기";
			path = "입출력";
			sourceTree = "<group>";
		};
		1F57E25F203183A00018B319 /* 사칙연산 */ = {
			isa = PBXGroup;
			children = (
				1F57E260203183B50018B319 /* A*B.cpp */,
				1F57E262203185430018B319 /* ArithmeticOperation.cpp */,
				1F57E264203186020018B319 /* Remainder.cpp */,
				1F57E266203186E00018B319 /* A+BNewLine.cpp */,
				1F57E269203188B10018B319 /* SugarDelivery.cpp */,
			);
			name = "사칙연산";
			path = "사칙연산";
			sourceTree = "<group>";
		};
		1F9E20AA207FB0C1007C282B /* Bruteforce */ = {
			isa = PBXGroup;
			children = (
				1F9E20AB207FB0F9007C282B /* numberWrite1.cpp */,
				1F9E20AD207FB299007C282B /* Add123.cpp */,
				1F9E20AF207FB4C7007C282B /* maxDiff.cpp */,
			);
			path = Bruteforce;
			sourceTree = "<group>";
		};
		1F9E20B52080F91C007C282B /* DFSorBFS */ = {
			isa = PBXGroup;
			children = (
				1F9E20B62080F9D3007C282B /* Tomato1.cpp */,
			);
			path = DFSorBFS;
			sourceTree = "<group>";
		};
		1FFC4FDC20505818008EEA4A /* Graph */ = {
			isa = PBXGroup;
			children = (
				1FFC4FDD205173E5008EEA4A /* DFS_BFS.cpp */,
			);
			path = Graph;
			sourceTree = "<group>";
		};
/* End PBXGroup section */

/* Begin PBXNativeTarget section */
		1F57E244203172810018B319 /* CodingPratice */ = {
			isa = PBXNativeTarget;
			buildConfigurationList = 1F57E24C203172810018B319 /* Build configuration list for PBXNativeTarget "CodingPratice" */;
			buildPhases = (
				1F57E241203172810018B319 /* Sources */,
				1F57E242203172810018B319 /* Frameworks */,
				1F57E243203172810018B319 /* CopyFiles */,
			);
			buildRules = (
			);
			dependencies = (
			);
			name = CodingPratice;
			productName = CodingPratice;
			productReference = 1F57E245203172810018B319 /* CodingPratice */;
			productType = "com.apple.product-type.tool";
		};
/* End PBXNativeTarget section */

/* Begin PBXProject section */
		1F57E23D203172810018B319 /* Project object */ = {
			isa = PBXProject;
			attributes = {
				LastUpgradeCheck = 0900;
				ORGANIZATIONNAME = Ko;
				TargetAttributes = {
					1F57E244203172810018B319 = {
						CreatedOnToolsVersion = 9.0;
					};
				};
			};
			buildConfigurationList = 1F57E240203172810018B319 /* Build configuration list for PBXProject "CodingPratice" */;
			compatibilityVersion = "Xcode 8.0";
			developmentRegion = en;
			hasScannedForEncodings = 0;
			knownRegions = (
				en,
			);
			mainGroup = 1F57E23C203172810018B319;
			productRefGroup = 1F57E246203172810018B319 /* Products */;
			projectDirPath = "";
			projectRoot = "";
			targets = (
				1F57E244203172810018B319 /* CodingPratice */,
			);
		};
/* End PBXProject section */

/* Begin PBXSourcesBuildPhase section */
		1F57E241203172810018B319 /* Sources */ = {
			isa = PBXSourcesBuildPhase;
			buildActionMask = 2147483647;
			files = (
				1F49E379209A12A700ECAD8D /* FrogRiverOne.cpp in Sources */,
				1F49E37D209AB54400ECAD8D /* MaxCounters.cpp in Sources */,
				1F49E37B209AB16400ECAD8D /* MissingInteger.cpp in Sources */,
			);
			runOnlyForDeploymentPostprocessing = 0;
		};
/* End PBXSourcesBuildPhase section */

/* Begin XCBuildConfiguration section */
		1F57E24A203172810018B319 /* Debug */ = {
			isa = XCBuildConfiguration;
			buildSettings = {
				ALWAYS_SEARCH_USER_PATHS = NO;
				CLANG_ANALYZER_NONNULL = YES;
				CLANG_ANALYZER_NUMBER_OBJECT_CONVERSION = YES_AGGRESSIVE;
				CLANG_CXX_LANGUAGE_STANDARD = "gnu++14";
				CLANG_CXX_LIBRARY = "libc++";
				CLANG_ENABLE_MODULES = YES;
				CLANG_ENABLE_OBJC_ARC = YES;
				CLANG_WARN_BLOCK_CAPTURE_AUTORELEASING = YES;
				CLANG_WARN_BOOL_CONVERSION = YES;
				CLANG_WARN_COMMA = YES;
				CLANG_WARN_CONSTANT_CONVERSION = YES;
				CLANG_WARN_DIRECT_OBJC_ISA_USAGE = YES_ERROR;
				CLANG_WARN_DOCUMENTATION_COMMENTS = YES;
				CLANG_WARN_EMPTY_BODY = YES;
				CLANG_WARN_ENUM_CONVERSION = YES;
				CLANG_WARN_INFINITE_RECURSION = YES;
				CLANG_WARN_INT_CONVERSION = YES;
				CLANG_WARN_NON_LITERAL_NULL_CONVERSION = YES;
				CLANG_WARN_OBJC_LITERAL_CONVERSION = YES;
				CLANG_WARN_OBJC_ROOT_CLASS = YES_ERROR;
				CLANG_WARN_RANGE_LOOP_ANALYSIS = YES;
				CLANG_WARN_STRICT_PROTOTYPES = YES;
				CLANG_WARN_SUSPICIOUS_MOVE = YES;
				CLANG_WARN_UNGUARDED_AVAILABILITY = YES_AGGRESSIVE;
				CLANG_WARN_UNREACHABLE_CODE = YES;
				CLANG_WARN__DUPLICATE_METHOD_MATCH = YES;
				CODE_SIGN_IDENTITY = "-";
				COPY_PHASE_STRIP = NO;
				DEBUG_INFORMATION_FORMAT = dwarf;
				ENABLE_STRICT_OBJC_MSGSEND = YES;
				ENABLE_TESTABILITY = YES;
				GCC_C_LANGUAGE_STANDARD = gnu11;
				GCC_DYNAMIC_NO_PIC = NO;
				GCC_NO_COMMON_BLOCKS = YES;
				GCC_OPTIMIZATION_LEVEL = 0;
				GCC_PREPROCESSOR_DEFINITIONS = (
					"DEBUG=1",
					"$(inherited)",
				);
				GCC_WARN_64_TO_32_BIT_CONVERSION = YES;
				GCC_WARN_ABOUT_RETURN_TYPE = YES_ERROR;
				GCC_WARN_UNDECLARED_SELECTOR = YES;
				GCC_WARN_UNINITIALIZED_AUTOS = YES_AGGRESSIVE;
				GCC_WARN_UNUSED_FUNCTION = YES;
				GCC_WARN_UNUSED_VARIABLE = YES;
				MACOSX_DEPLOYMENT_TARGET = 10.13;
				MTL_ENABLE_DEBUG_INFO = YES;
				ONLY_ACTIVE_ARCH = YES;
				SDKROOT = macosx;
			};
			name = Debug;
		};
		1F57E24B203172810018B319 /* Release */ = {
			isa = XCBuildConfiguration;
			buildSettings = {
				ALWAYS_SEARCH_USER_PATHS = NO;
				CLANG_ANALYZER_NONNULL = YES;
				CLANG_ANALYZER_NUMBER_OBJECT_CONVERSION = YES_AGGRESSIVE;
				CLANG_CXX_LANGUAGE_STANDARD = "gnu++14";
				CLANG_CXX_LIBRARY = "libc++";
				CLANG_ENABLE_MODULES = YES;
				CLANG_ENABLE_OBJC_ARC = YES;
				CLANG_WARN_BLOCK_CAPTURE_AUTORELEASING = YES;
				CLANG_WARN_BOOL_CONVERSION = YES;
				CLANG_WARN_COMMA = YES;
				CLANG_WARN_CONSTANT_CONVERSION = YES;
				CLANG_WARN_DIRECT_OBJC_ISA_USAGE = YES_ERROR;
				CLANG_WARN_DOCUMENTATION_COMMENTS = YES;
				CLANG_WARN_EMPTY_BODY = YES;
				CLANG_WARN_ENUM_CONVERSION = YES;
				CLANG_WARN_INFINITE_RECURSION = YES;
				CLANG_WARN_INT_CONVERSION = YES;
				CLANG_WARN_NON_LITERAL_NULL_CONVERSION = YES;
				CLANG_WARN_OBJC_LITERAL_CONVERSION = YES;
				CLANG_WARN_OBJC_ROOT_CLASS = YES_ERROR;
				CLANG_WARN_RANGE_LOOP_ANALYSIS = YES;
				CLANG_WARN_STRICT_PROTOTYPES = YES;
				CLANG_WARN_SUSPICIOUS_MOVE = YES;
				CLANG_WARN_UNGUARDED_AVAILABILITY = YES_AGGRESSIVE;
				CLANG_WARN_UNREACHABLE_CODE = YES;
				CLANG_WARN__DUPLICATE_METHOD_MATCH = YES;
				CODE_SIGN_IDENTITY = "-";
				COPY_PHASE_STRIP = NO;
				DEBUG_INFORMATION_FORMAT = "dwarf-with-dsym";
				ENABLE_NS_ASSERTIONS = NO;
				ENABLE_STRICT_OBJC_MSGSEND = YES;
				GCC_C_LANGUAGE_STANDARD = gnu11;
				GCC_NO_COMMON_BLOCKS = YES;
				GCC_WARN_64_TO_32_BIT_CONVERSION = YES;
				GCC_WARN_ABOUT_RETURN_TYPE = YES_ERROR;
				GCC_WARN_UNDECLARED_SELECTOR = YES;
				GCC_WARN_UNINITIALIZED_AUTOS = YES_AGGRESSIVE;
				GCC_WARN_UNUSED_FUNCTION = YES;
				GCC_WARN_UNUSED_VARIABLE = YES;
				MACOSX_DEPLOYMENT_TARGET = 10.13;
				MTL_ENABLE_DEBUG_INFO = NO;
				SDKROOT = macosx;
			};
			name = Release;
		};
		1F57E24D203172810018B319 /* Debug */ = {
			isa = XCBuildConfiguration;
			buildSettings = {
				PRODUCT_NAME = "$(TARGET_NAME)";
			};
			name = Debug;
		};
		1F57E24E203172810018B319 /* Release */ = {
			isa = XCBuildConfiguration;
			buildSettings = {
				PRODUCT_NAME = "$(TARGET_NAME)";
			};
			name = Release;
		};
/* End XCBuildConfiguration section */

/* Begin XCConfigurationList section */
		1F57E240203172810018B319 /* Build configuration list for PBXProject "CodingPratice" */ = {
			isa = XCConfigurationList;
			buildConfigurations = (
				1F57E24A203172810018B319 /* Debug */,
				1F57E24B203172810018B319 /* Release */,
			);
			defaultConfigurationIsVisible = 0;
			defaultConfigurationName = Release;
		};
		1F57E24C203172810018B319 /* Build configuration list for PBXNativeTarget "CodingPratice" */ = {
			isa = XCConfigurationList;
			buildConfigurations = (
				1F57E24D203172810018B319 /* Debug */,
				1F57E24E203172810018B319 /* Release */,
			);
			defaultConfigurationIsVisible = 0;
			defaultConfigurationName = Release;
		};
/* End XCConfigurationList section */
	};
	rootObject = 1F57E23D203172810018B319 /* Project object */;
}
